{
    "_readme": [
        "This file locks the dependencies of your project to a known state",
        "Read more about it at http://getcomposer.org/doc/01-basic-usage.md#composer-lock-the-lock-file"
    ],
    "hash": "c6b485a0a3112a7aaadafdf4f66285b2",
    "packages": [
        {
            "name": "wdalmut/simple-mvc",
            "version": "0.1.6",
            "source": {
                "type": "git",
                "url": "https://github.com/wdalmut/simple-mvc.git",
                "reference": "0.1.6"
            },
            "dist": {
                "type": "zip",
                "url": "https://api.github.com/repos/wdalmut/simple-mvc/zipball/0.1.6",
                "reference": "0.1.6",
                "shasum": ""
            },
            "require": {
                "php": ">=5.3.3"
            },
            "type": "library",
            "autoload": {
                "classmap": [
                    "src/",
                    "exts/"
                ]
            },
            "notification-url": "https://packagist.org/downloads/",
            "license": [
                "MIT"
            ],
            "authors": [
                {
                    "name": "Walter Dal Mut",
                    "email": "walter.dalmut@gmail.com",
                    "homepage": "http://walterdalmut.com",
                    "role": "Developer"
                }
            ],
            "description": "A simple and full stack Push & Pull MVC framework.",
            "keywords": [
                "framework",
                "micro",
                "microframework",
                "mvc"
            ],
            "time": "2013-04-23 13:59:46"
        },
        {
            "name": "wdalmut/simplini",
            "version": "dev-master",
            "source": {
                "type": "git",
                "url": "https://github.com/wdalmut/simplini.git",
                "reference": "master"
            },
            "type": "library",
            "autoload": {
                "psr-0": [
                    "src"
                ]
            },
            "time": "2012-07-22 08:52:05"
        }
    ],
    "packages-dev": [

    ],
    "aliases": [

    ],
    "minimum-stability": "stable",
    "stability-flags": {
        "wdalmut/simplini": 20
    },
    "platform": {
        "php": ">=5.3.3"
    },
    "platform-dev": [

    ]
}
